// !$*UTF8*$!
{
	archiveVersion = 1;
	classes = {
	};
	objectVersion = 56;
	objects = {

/* Begin PBXBuildFile section */
		056F59E42A868D6A00F325C4 /* Question_AppApp.swift in Sources */ = {isa = PBXBuildFile; fileRef = 056F59E32A868D6A00F325C4 /* Question_AppApp.swift */; };
		056F59E62A868D6A00F325C4 /* ContentView.swift in Sources */ = {isa = PBXBuildFile; fileRef = 056F59E52A868D6A00F325C4 /* ContentView.swift */; };
		056F59E82A868D6A00F325C4 /* Assets.xcassets in Resources */ = {isa = PBXBuildFile; fileRef = 056F59E72A868D6A00F325C4 /* Assets.xcassets */; };
		056F59EB2A868D6A00F325C4 /* Preview Assets.xcassets in Resources */ = {isa = PBXBuildFile; fileRef = 056F59EA2A868D6A00F325C4 /* Preview Assets.xcassets */; };
		056F59F22A8692F300F325C4 /* Question1View.swift in Sources */ = {isa = PBXBuildFile; fileRef = 056F59F12A8692F300F325C4 /* Question1View.swift */; };
		05ADAAF02A872086001DFB4F /* Question4View.swift in Sources */ = {isa = PBXBuildFile; fileRef = 05ADAAEF2A872086001DFB4F /* Question4View.swift */; };
		05ADAAF42A872322001DFB4F /* Question5View.swift in Sources */ = {isa = PBXBuildFile; fileRef = 05ADAAF32A872322001DFB4F /* Question5View.swift */; };
		05D6C2882A86A34F00C79C58 /* Question2View.swift in Sources */ = {isa = PBXBuildFile; fileRef = 05D6C2872A86A34F00C79C58 /* Question2View.swift */; };
		05D6C28A2A86A3AB00C79C58 /* Question3View.swift in Sources */ = {isa = PBXBuildFile; fileRef = 05D6C2892A86A3AB00C79C58 /* Question3View.swift */; };
/* End PBXBuildFile section */

/* Begin PBXFileReference section */
		056F59E02A868D6A00F325C4 /* Question App.app */ = {isa = PBXFileReference; explicitFileType = wrapper.application; includeInIndex = 0; path = "Question App.app"; sourceTree = BUILT_PRODUCTS_DIR; };
		056F59E32A868D6A00F325C4 /* Question_AppApp.swift */ = {isa = PBXFileReference; lastKnownFileType = sourcecode.swift; path = Question_AppApp.swift; sourceTree = "<group>"; };
		056F59E52A868D6A00F325C4 /* ContentView.swift */ = {isa = PBXFileReference; lastKnownFileType = sourcecode.swift; path = ContentView.swift; sourceTree = "<group>"; };
		056F59E72A868D6A00F325C4 /* Assets.xcassets */ = {isa = PBXFileReference; lastKnownFileType = folder.assetcatalog; path = Assets.xcassets; sourceTree = "<group>"; };
		056F59EA2A868D6A00F325C4 /* Preview Assets.xcassets */ = {isa = PBXFileReference; lastKnownFileType = folder.assetcatalog; path = "Preview Assets.xcassets"; sourceTree = "<group>"; };
		056F59F12A8692F300F325C4 /* Question1View.swift */ = {isa = PBXFileReference; lastKnownFileType = sourcecode.swift; path = Question1View.swift; sourceTree = "<group>"; };
		05ADAAEF2A872086001DFB4F /* Question4View.swift */ = {isa = PBXFileReference; lastKnownFileType = sourcecode.swift; path = Question4View.swift; sourceTree = "<group>"; };
		05ADAAF32A872322001DFB4F /* Question5View.swift */ = {isa = PBXFileReference; lastKnownFileType = sourcecode.swift; path = Question5View.swift; sourceTree = "<group>"; };
		05D6C2872A86A34F00C79C58 /* Question2View.swift */ = {isa = PBXFileReference; lastKnownFileType = sourcecode.swift; path = Question2View.swift; sourceTree = "<group>"; };
		05D6C2892A86A3AB00C79C58 /* Question3View.swift */ = {isa = PBXFileReference; lastKnownFileType = sourcecode.swift; path = Question3View.swift; sourceTree = "<group>"; };
/* End PBXFileReference section */

/* Begin PBXFrameworksBuildPhase section */
		056F59DD2A868D6A00F325C4 /* Frameworks */ = {
			isa = PBXFrameworksBuildPhase;
			buildActionMask = 2147483647;
			files = (
			);
			runOnlyForDeploymentPostprocessing = 0;
		};
/* End PBXFrameworksBuildPhase section */

/* Begin PBXGroup section */
		056F59D72A868D6A00F325C4 = {
			isa = PBXGroup;
			children = (
				056F59E22A868D6A00F325C4 /* Question App */,
				056F59E12A868D6A00F325C4 /* Products */,
			);
			sourceTree = "<group>";
		};
		056F59E12A868D6A00F325C4 /* Products */ = {
			isa = PBXGroup;
			children = (
				056F59E02A868D6A00F325C4 /* Question App.app */,
			);
			name = Products;
			sourceTree = "<group>";
		};
		056F59E22A868D6A00F325C4 /* Question App */ = {
			isa = PBXGroup;
			children = (
				056F59E32A868D6A00F325C4 /* Question_AppApp.swift */,
				056F59E52A868D6A00F325C4 /* ContentView.swift */,
				056F59F12A8692F300F325C4 /* Question1View.swift */,
				05D6C2872A86A34F00C79C58 /* Question2View.swift */,
				05D6C2892A86A3AB00C79C58 /* Question3View.swift */,
				05ADAAEF2A872086001DFB4F /* Question4View.swift */,
				05ADAAF32A872322001DFB4F /* Question5View.swift */,
				056F59E72A868D6A00F325C4 /* Assets.xcassets */,
				056F59E92A868D6A00F325C4 /* Preview Content */,
			);
			path = "Question App";
			sourceTree = "<group>";
		};
		056F59E92A868D6A00F325C4 /* Preview Content */ = {
			isa = PBXGroup;
			children = (
				056F59EA2A868D6A00F325C4 /* Preview Assets.xcassets */,
			);
			path = "Preview Content";
			sourceTree = "<group>";
		};
/* End PBXGroup section */

/* Begin PBXNativeTarget section */
		056F59DF2A868D6A00F325C4 /* Question App */ = {
			isa = PBXNativeTarget;
			buildConfigurationList = 056F59EE2A868D6A00F325C4 /* Build configuration list for PBXNativeTarget "Question App" */;
			buildPhases = (
				056F59DC2A868D6A00F325C4 /* Sources */,
				056F59DD2A868D6A00F325C4 /* Frameworks */,
				056F59DE2A868D6A00F325C4 /* Resources */,
			);
			buildRules = (
			);
			dependencies = (
			);
			name = "Question App";
			productName = "Question App";
			productReference = 056F59E02A868D6A00F325C4 /* Question App.app */;
			productType = "com.apple.product-type.application";
		};
/* End PBXNativeTarget section */

/* Begin PBXProject section */
		056F59D82A868D6A00F325C4 /* Project object */ = {
			isa = PBXProject;
			attributes = {
				BuildIndependentTargetsInParallel = 1;
				LastSwiftUpdateCheck = 1430;
				LastUpgradeCheck = 1430;
				TargetAttributes = {
					056F59DF2A868D6A00F325C4 = {
						CreatedOnToolsVersion = 14.3.1;
					};
				};
			};
			buildConfigurationList = 056F59DB2A868D6A00F325C4 /* Build configuration list for PBXProject "Question App" */;
			compatibilityVersion = "Xcode 14.0";
			developmentRegion = en;
			hasScannedForEncodings = 0;
			knownRegions = (
				en,
				Base,
			);
			mainGroup = 056F59D72A868D6A00F325C4;
			productRefGroup = 056F59E12A868D6A00F325C4 /* Products */;
			projectDirPath = "";
			projectRoot = "";
			targets = (
				056F59DF2A868D6A00F325C4 /* Question App */,
			);
		};
/* End PBXProject section */

/* Begin PBXResourcesBuildPhase section */
		056F59DE2A868D6A00F325C4 /* Resources */ = {
			isa = PBXResourcesBuildPhase;
			buildActionMask = 2147483647;
			files = (
				056F59EB2A868D6A00F325C4 /* Preview Assets.xcassets in Resources */,
				056F59E82A868D6A00F325C4 /* Assets.xcassets in Resources */,
			);
			runOnlyForDeploymentPostprocessing = 0;
		};
/* End PBXResourcesBuildPhase section */

/* Begin PBXSourcesBuildPhase section */
		056F59DC2A868D6A00F325C4 /* Sources */ = {
			isa = PBXSourcesBuildPhase;
			buildActionMask = 2147483647;
			files = (
				05D6C28A2A86A3AB00C79C58 /* Question3View.swift in Sources */,
				056F59F22A8692F300F325C4 /* Question1View.swift in Sources */,
				05ADAAF42A872322001DFB4F /* Question5View.swift in Sources */,
				056F59E62A868D6A00F325C4 /* ContentView.swift in Sources */,
				056F59E42A868D6A00F325C4 /* Question_AppApp.swift in Sources */,
				05D6C2882A86A34F00C79C58 /* Question2View.swift in Sources */,
				05ADAAF02A872086001DFB4F /* Question4View.swift in Sources */,
			);
			runOnlyForDeploymentPostprocessing = 0;
		};
/* End PBXSourcesBuildPhase section */

/* Begin XCBuildConfiguration section */
		056F59EC2A868D6A00F325C4 /* Debug */ = {
			isa = XCBuildConfiguration;
			buildSettings = {
				ALWAYS_SEARCH_USER_PATHS = NO;
				CLANG_ANALYZER_NONNULL = YES;
				CLANG_ANALYZER_NUMBER_OBJECT_CONVERSION = YES_AGGRESSIVE;
				CLANG_CXX_LANGUAGE_STANDARD = "gnu++20";
				CLANG_ENABLE_MODULES = YES;
				CLANG_ENABLE_OBJC_ARC = YES;
				CLANG_ENABLE_OBJC_WEAK = YES;
				CLANG_WARN_BLOCK_CAPTURE_AUTORELEASING = YES;
				CLANG_WARN_BOOL_CONVERSION = YES;
				CLANG_WARN_COMMA = YES;
				CLANG_WARN_CONSTANT_CONVERSION = YES;
				CLANG_WARN_DEPRECATED_OBJC_IMPLEMENTATIONS = YES;
				CLANG_WARN_DIRECT_OBJC_ISA_USAGE = YES_ERROR;
				CLANG_WARN_DOCUMENTATION_COMMENTS = YES;
				CLANG_WARN_EMPTY_BODY = YES;
				CLANG_WARN_ENUM_CONVERSION = YES;
				CLANG_WARN_INFINITE_RECURSION = YES;
				CLANG_WARN_INT_CONVERSION = YES;
				CLANG_WARN_NON_LITERAL_NULL_CONVERSION = YES;
				CLANG_WARN_OBJC_IMPLICIT_RETAIN_SELF = YES;
				CLANG_WARN_OBJC_LITERAL_CONVERSION = YES;
				CLANG_WARN_OBJC_ROOT_CLASS = YES_ERROR;
				CLANG_WARN_QUOTED_INCLUDE_IN_FRAMEWORK_HEADER = YES;
				CLANG_WARN_RANGE_LOOP_ANALYSIS = YES;
				CLANG_WARN_STRICT_PROTOTYPES = YES;
				CLANG_WARN_SUSPICIOUS_MOVE = YES;
				CLANG_WARN_UNGUARDED_AVAILABILITY = YES_AGGRESSIVE;
				CLANG_WARN_UNREACHABLE_CODE = YES;
				CLANG_WARN__DUPLICATE_METHOD_MATCH = YES;
				COPY_PHASE_STRIP = NO;
				DEBUG_INFORMATION_FORMAT = dwarf;
				ENABLE_STRICT_OBJC_MSGSEND = YES;
				ENABLE_TESTABILITY = YES;
				GCC_C_LANGUAGE_STANDARD = gnu11;
				GCC_DYNAMIC_NO_PIC = NO;
				GCC_NO_COMMON_BLOCKS = YES;
				GCC_OPTIMIZATION_LEVEL = 0;
				GCC_PREPROCESSOR_DEFINITIONS = (
					"DEBUG=1",
					"$(inherited)",
				);
				GCC_WARN_64_TO_32_BIT_CONVERSION = YES;
				GCC_WARN_ABOUT_RETURN_TYPE = YES_ERROR;
				GCC_WARN_UNDECLARED_SELECTOR = YES;
				GCC_WARN_UNINITIALIZED_AUTOS = YES_AGGRESSIVE;
				GCC_WARN_UNUSED_FUNCTION = YES;
				GCC_WARN_UNUSED_VARIABLE = YES;
				IPHONEOS_DEPLOYMENT_TARGET = 16.4;
				MTL_ENABLE_DEBUG_INFO = INCLUDE_SOURCE;
				MTL_FAST_MATH = YES;
				ONLY_ACTIVE_ARCH = YES;
				SDKROOT = iphoneos;
				SWIFT_ACTIVE_COMPILATION_CONDITIONS = DEBUG;
				SWIFT_OPTIMIZATION_LEVEL = "-Onone";
			};
			name = Debug;
		};
		056F59ED2A868D6A00F325C4 /* Release */ = {
			isa = XCBuildConfiguration;
			buildSettings = {
				ALWAYS_SEARCH_USER_PATHS = NO;
				CLANG_ANALYZER_NONNULL = YES;
				CLANG_ANALYZER_NUMBER_OBJECT_CONVERSION = YES_AGGRESSIVE;
				CLANG_CXX_LANGUAGE_STANDARD = "gnu++20";
				CLANG_ENABLE_MODULES = YES;
				CLANG_ENABLE_OBJC_ARC = YES;
				CLANG_ENABLE_OBJC_WEAK = YES;
				CLANG_WARN_BLOCK_CAPTURE_AUTORELEASING = YES;
				CLANG_WARN_BOOL_CONVERSION = YES;
				CLANG_WARN_COMMA = YES;
				CLANG_WARN_CONSTANT_CONVERSION = YES;
				CLANG_WARN_DEPRECATED_OBJC_IMPLEMENTATIONS = YES;
				CLANG_WARN_DIRECT_OBJC_ISA_USAGE = YES_ERROR;
				CLANG_WARN_DOCUMENTATION_COMMENTS = YES;
				CLANG_WARN_EMPTY_BODY = YES;
				CLANG_WARN_ENUM_CONVERSION = YES;
				CLANG_WARN_INFINITE_RECURSION = YES;
				CLANG_WARN_INT_CONVERSION = YES;
				CLANG_WARN_NON_LITERAL_NULL_CONVERSION = YES;
				CLANG_WARN_OBJC_IMPLICIT_RETAIN_SELF = YES;
				CLANG_WARN_OBJC_LITERAL_CONVERSION = YES;
				CLANG_WARN_OBJC_ROOT_CLASS = YES_ERROR;
				CLANG_WARN_QUOTED_INCLUDE_IN_FRAMEWORK_HEADER = YES;
				CLANG_WARN_RANGE_LOOP_ANALYSIS = YES;
				CLANG_WARN_STRICT_PROTOTYPES = YES;
				CLANG_WARN_SUSPICIOUS_MOVE = YES;
				CLANG_WARN_UNGUARDED_AVAILABILITY = YES_AGGRESSIVE;
				CLANG_WARN_UNREACHABLE_CODE = YES;
				CLANG_WARN__DUPLICATE_METHOD_MATCH = YES;
				COPY_PHASE_STRIP = NO;
				DEBUG_INFORMATION_FORMAT = "dwarf-with-dsym";
				ENABLE_NS_ASSERTIONS = NO;
				ENABLE_STRICT_OBJC_MSGSEND = YES;
				GCC_C_LANGUAGE_STANDARD = gnu11;
				GCC_NO_COMMON_BLOCKS = YES;
				GCC_WARN_64_TO_32_BIT_CONVERSION = YES;
				GCC_WARN_ABOUT_RETURN_TYPE = YES_ERROR;
				GCC_WARN_UNDECLARED_SELECTOR = YES;
				GCC_WARN_UNINITIALIZED_AUTOS = YES_AGGRESSIVE;
				GCC_WARN_UNUSED_FUNCTION = YES;
				GCC_WARN_UNUSED_VARIABLE = YES;
				IPHONEOS_DEPLOYMENT_TARGET = 16.4;
				MTL_ENABLE_DEBUG_INFO = NO;
				MTL_FAST_MATH = YES;
				SDKROOT = iphoneos;
				SWIFT_COMPILATION_MODE = wholemodule;
				SWIFT_OPTIMIZATION_LEVEL = "-O";
				VALIDATE_PRODUCT = YES;
			};
			name = Release;
		};
		056F59EF2A868D6A00F325C4 /* Debug */ = {
			isa = XCBuildConfiguration;
			buildSettings = {
				ASSETCATALOG_COMPILER_APPICON_NAME = AppIcon;
				ASSETCATALOG_COMPILER_GLOBAL_ACCENT_COLOR_NAME = AccentColor;
				CODE_SIGN_STYLE = Automatic;
				CURRENT_PROJECT_VERSION = 1;
				DEVELOPMENT_ASSET_PATHS = "\"Question App/Preview Content\"";
				DEVELOPMENT_TEAM = 52PPSJN368;
				ENABLE_PREVIEWS = YES;
				GENERATE_INFOPLIST_FILE = YES;
				INFOPLIST_KEY_UIApplicationSceneManifest_Generation = YES;
				INFOPLIST_KEY_UIApplicationSupportsIndirectInputEvents = YES;
				INFOPLIST_KEY_UILaunchScreen_Generation = YES;
				INFOPLIST_KEY_UISupportedInterfaceOrientations_iPad = "UIInterfaceOrientationPortrait UIInterfaceOrientationPortraitUpsideDown UIInterfaceOrientationLandscapeLeft UIInterfaceOrientationLandscapeRight";
				INFOPLIST_KEY_UISupportedInterfaceOrientations_iPhone = "UIInterfaceOrientationPortrait UIInterfaceOrientationLandscapeLeft UIInterfaceOrientationLandscapeRight";
				LD_RUNPATH_SEARCH_PATHS = (
					"$(inherited)",
					"@executable_path/Frameworks",
				);
				MARKETING_VERSION = 1.0;
				PRODUCT_BUNDLE_IDENTIFIER = "kwk.Question-App";
				PRODUCT_NAME = "$(TARGET_NAME)";
				SWIFT_EMIT_LOC_STRINGS = YES;
				SWIFT_VERSION = 5.0;
				TARGETED_DEVICE_FAMILY = "1,2";
			};
			name = Debug;
		};
		056F59F02A868D6A00F325C4 /* Release */ = {
			isa = XCBuildConfiguration;
			buildSettings = {
				ASSETCATALOG_COMPILER_APPICON_NAME = AppIcon;
				ASSETCATALOG_COMPILER_GLOBAL_ACCENT_COLOR_NAME = AccentColor;
				CODE_SIGN_STYLE = Automatic;
				CURRENT_PROJECT_VERSION = 1;
				DEVELOPMENT_ASSET_PATHS = "\"Question App/Preview Content\"";
				DEVELOPMENT_TEAM = 52PPSJN368;
				ENABLE_PREVIEWS = YES;
				GENERATE_INFOPLIST_FILE = YES;
				INFOPLIST_KEY_UIApplicationSceneManifest_Generation = YES;
				INFOPLIST_KEY_UIApplicationSupportsIndirectInputEvents = YES;
				INFOPLIST_KEY_UILaunchScreen_Generation = YES;
				INFOPLIST_KEY_UISupportedInterfaceOrientations_iPad = "UIInterfaceOrientationPortrait UIInterfaceOrientationPortraitUpsideDown UIInterfaceOrientationLandscapeLeft UIInterfaceOrientationLandscapeRight";
				INFOPLIST_KEY_UISupportedInterfaceOrientations_iPhone = "UIInterfaceOrientationPortrait UIInterfaceOrientationLandscapeLeft UIInterfaceOrientationLandscapeRight";
				LD_RUNPATH_SEARCH_PATHS = (
					"$(inherited)",
					"@executable_path/Frameworks",
				);
				MARKETING_VERSION = 1.0;
				PRODUCT_BUNDLE_IDENTIFIER = "kwk.Question-App";
				PRODUCT_NAME = "$(TARGET_NAME)";
				SWIFT_EMIT_LOC_STRINGS = YES;
				SWIFT_VERSION = 5.0;
				TARGETED_DEVICE_FAMILY = "1,2";
			};
			name = Release;
		};
/* End XCBuildConfiguration section */

/* Begin XCConfigurationList section */
		056F59DB2A868D6A00F325C4 /* Build configuration list for PBXProject "Question App" */ = {
			isa = XCConfigurationList;
			buildConfigurations = (
				056F59EC2A868D6A00F325C4 /* Debug */,
				056F59ED2A868D6A00F325C4 /* Release */,
			);
			defaultConfigurationIsVisible = 0;
			defaultConfigurationName = Release;
		};
		056F59EE2A868D6A00F325C4 /* Build configuration list for PBXNativeTarget "Question App" */ = {
			isa = XCConfigurationList;
			buildConfigurations = (
				056F59EF2A868D6A00F325C4 /* Debug */,
				056F59F02A868D6A00F325C4 /* Release */,
			);
			defaultConfigurationIsVisible = 0;
			defaultConfigurationName = Release;
		};
/* End XCConfigurationList section */
	};
	rootObject = 056F59D82A868D6A00F325C4 /* Project object */;
}
